// !$*UTF8*$!
{
	archiveVersion = 1;
	classes = {
	};
	objectVersion = 56;
	objects = {

/* Begin PBXBuildFile section */
		6FBCCC612BBD6D8600D8D9EE /* AppDelegate.swift in Sources */ = {isa = PBXBuildFile; fileRef = 6FBCCC602BBD6D8600D8D9EE /* AppDelegate.swift */; };
		6FBCCC632BBD6D8600D8D9EE /* SceneDelegate.swift in Sources */ = {isa = PBXBuildFile; fileRef = 6FBCCC622BBD6D8600D8D9EE /* SceneDelegate.swift */; };
		6FBCCC652BBD6D8600D8D9EE /* ViewController.swift in Sources */ = {isa = PBXBuildFile; fileRef = 6FBCCC642BBD6D8600D8D9EE /* ViewController.swift */; };
		6FBCCC682BBD6D8600D8D9EE /* Base in Resources */ = {isa = PBXBuildFile; fileRef = 6FBCCC672BBD6D8600D8D9EE /* Base */; };
		6FBCCC6A2BBD6D8800D8D9EE /* Assets.xcassets in Resources */ = {isa = PBXBuildFile; fileRef = 6FBCCC692BBD6D8800D8D9EE /* Assets.xcassets */; };
		6FBCCC6D2BBD6D8800D8D9EE /* Base in Resources */ = {isa = PBXBuildFile; fileRef = 6FBCCC6C2BBD6D8800D8D9EE /* Base */; };
/* End PBXBuildFile section */

/* Begin PBXFileReference section */
		6FBCCC5D2BBD6D8600D8D9EE /* ClassWork12_BegiK.app */ = {isa = PBXFileReference; explicitFileType = wrapper.application; includeInIndex = 0; path = ClassWork12_BegiK.app; sourceTree = BUILT_PRODUCTS_DIR; };
		6FBCCC602BBD6D8600D8D9EE /* AppDelegate.swift */ = {isa = PBXFileReference; lastKnownFileType = sourcecode.swift; path = AppDelegate.swift; sourceTree = "<group>"; };
		6FBCCC622BBD6D8600D8D9EE /* SceneDelegate.swift */ = {isa = PBXFileReference; lastKnownFileType = sourcecode.swift; path = SceneDelegate.swift; sourceTree = "<group>"; };
		6FBCCC642BBD6D8600D8D9EE /* ViewController.swift */ = {isa = PBXFileReference; lastKnownFileType = sourcecode.swift; path = ViewController.swift; sourceTree = "<group>"; };
		6FBCCC672BBD6D8600D8D9EE /* Base */ = {isa = PBXFileReference; lastKnownFileType = file.storyboard; name = Base; path = Base.lproj/Main.storyboard; sourceTree = "<group>"; };
		6FBCCC692BBD6D8800D8D9EE /* Assets.xcassets */ = {isa = PBXFileReference; lastKnownFileType = folder.assetcatalog; path = Assets.xcassets; sourceTree = "<group>"; };
		6FBCCC6C2BBD6D8800D8D9EE /* Base */ = {isa = PBXFileReference; lastKnownFileType = file.storyboard; name = Base; path = Base.lproj/LaunchScreen.storyboard; sourceTree = "<group>"; };
		6FBCCC6E2BBD6D8800D8D9EE /* Info.plist */ = {isa = PBXFileReference; lastKnownFileType = text.plist.xml; path = Info.plist; sourceTree = "<group>"; };
/* End PBXFileReference section */

/* Begin PBXFrameworksBuildPhase section */
		6FBCCC5A2BBD6D8600D8D9EE /* Frameworks */ = {
			isa = PBXFrameworksBuildPhase;
			buildActionMask = 2147483647;
			files = (
			);
			runOnlyForDeploymentPostprocessing = 0;
		};
/* End PBXFrameworksBuildPhase section */

/* Begin PBXGroup section */
		6FBCCC542BBD6D8600D8D9EE = {
			isa = PBXGroup;
			children = (
				6FBCCC5F2BBD6D8600D8D9EE /* ClassWork12_BegiK */,
				6FBCCC5E2BBD6D8600D8D9EE /* Products */,
			);
			sourceTree = "<group>";
		};
		6FBCCC5E2BBD6D8600D8D9EE /* Products */ = {
			isa = PBXGroup;
			children = (
				6FBCCC5D2BBD6D8600D8D9EE /* ClassWork12_BegiK.app */,
			);
			name = Products;
			sourceTree = "<group>";
		};
		6FBCCC5F2BBD6D8600D8D9EE /* ClassWork12_BegiK */ = {
			isa = PBXGroup;
			children = (
				6FBCCC602BBD6D8600D8D9EE /* AppDelegate.swift */,
				6FBCCC622BBD6D8600D8D9EE /* SceneDelegate.swift */,
				6FBCCC642BBD6D8600D8D9EE /* ViewController.swift */,
				6FBCCC662BBD6D8600D8D9EE /* Main.storyboard */,
				6FBCCC692BBD6D8800D8D9EE /* Assets.xcassets */,
				6FBCCC6B2BBD6D8800D8D9EE /* LaunchScreen.storyboard */,
				6FBCCC6E2BBD6D8800D8D9EE /* Info.plist */,
			);
			path = ClassWork12_BegiK;
			sourceTree = "<group>";
		};
/* End PBXGroup section */

/* Begin PBXNativeTarget section */
		6FBCCC5C2BBD6D8600D8D9EE /* ClassWork12_BegiK */ = {
			isa = PBXNativeTarget;
			buildConfigurationList = 6FBCCC712BBD6D8800D8D9EE /* Build configuration list for PBXNativeTarget "ClassWork12_BegiK" */;
			buildPhases = (
				6FBCCC592BBD6D8600D8D9EE /* Sources */,
				6FBCCC5A2BBD6D8600D8D9EE /* Frameworks */,
				6FBCCC5B2BBD6D8600D8D9EE /* Resources */,
			);
			buildRules = (
			);
			dependencies = (
			);
			name = ClassWork12_BegiK;
			productName = ClassWork12_BegiK;
			productReference = 6FBCCC5D2BBD6D8600D8D9EE /* ClassWork12_BegiK.app */;
			productType = "com.apple.product-type.application";
		};
/* End PBXNativeTarget section */

/* Begin PBXProject section */
		6FBCCC552BBD6D8600D8D9EE /* Project object */ = {
			isa = PBXProject;
			attributes = {
				BuildIndependentTargetsInParallel = 1;
				LastSwiftUpdateCheck = 1530;
				LastUpgradeCheck = 1530;
				TargetAttributes = {
					6FBCCC5C2BBD6D8600D8D9EE = {
						CreatedOnToolsVersion = 15.3;
					};
				};
			};
			buildConfigurationList = 6FBCCC582BBD6D8600D8D9EE /* Build configuration list for PBXProject "ClassWork12_BegiK" */;
			compatibilityVersion = "Xcode 14.0";
			developmentRegion = en;
			hasScannedForEncodings = 0;
			knownRegions = (
				en,
				Base,
			);
			mainGroup = 6FBCCC542BBD6D8600D8D9EE;
			productRefGroup = 6FBCCC5E2BBD6D8600D8D9EE /* Products */;
			projectDirPath = "";
			projectRoot = "";
			targets = (
				6FBCCC5C2BBD6D8600D8D9EE /* ClassWork12_BegiK */,
			);
		};
/* End PBXProject section */

/* Begin PBXResourcesBuildPhase section */
		6FBCCC5B2BBD6D8600D8D9EE /* Resources */ = {
			isa = PBXResourcesBuildPhase;
			buildActionMask = 2147483647;
			files = (
				6FBCCC6A2BBD6D8800D8D9EE /* Assets.xcassets in Resources */,
				6FBCCC6D2BBD6D8800D8D9EE /* Base in Resources */,
				6FBCCC682BBD6D8600D8D9EE /* Base in Resources */,
			);
			runOnlyForDeploymentPostprocessing = 0;
		};
/* End PBXResourcesBuildPhase section */

/* Begin PBXSourcesBuildPhase section */
		6FBCCC592BBD6D8600D8D9EE /* Sources */ = {
			isa = PBXSourcesBuildPhase;
			buildActionMask = 2147483647;
			files = (
				6FBCCC652BBD6D8600D8D9EE /* ViewController.swift in Sources */,
				6FBCCC612BBD6D8600D8D9EE /* AppDelegate.swift in Sources */,
				6FBCCC632BBD6D8600D8D9EE /* SceneDelegate.swift in Sources */,
			);
			runOnlyForDeploymentPostprocessing = 0;
		};
/* End PBXSourcesBuildPhase section */

/* Begin PBXVariantGroup section */
		6FBCCC662BBD6D8600D8D9EE /* Main.storyboard */ = {
			isa = PBXVariantGroup;
			children = (
				6FBCCC672BBD6D8600D8D9EE /* Base */,
			);
			name = Main.storyboard;
			sourceTree = "<group>";
		};
		6FBCCC6B2BBD6D8800D8D9EE /* LaunchScreen.storyboard */ = {
			isa = PBXVariantGroup;
			children = (
				6FBCCC6C2BBD6D8800D8D9EE /* Base */,
			);
			name = LaunchScreen.storyboard;
			sourceTree = "<group>";
		};
/* End PBXVariantGroup section */

/* Begin XCBuildConfiguration section */
		6FBCCC6F2BBD6D8800D8D9EE /* Debug */ = {
			isa = XCBuildConfiguration;
			buildSettings = {
				ALWAYS_SEARCH_USER_PATHS = NO;
				ASSETCATALOG_COMPILER_GENERATE_SWIFT_ASSET_SYMBOL_EXTENSIONS = YES;
				CLANG_ANALYZER_NONNULL = YES;
				CLANG_ANALYZER_NUMBER_OBJECT_CONVERSION = YES_AGGRESSIVE;
				CLANG_CXX_LANGUAGE_STANDARD = "gnu++20";
				CLANG_ENABLE_MODULES = YES;
				CLANG_ENABLE_OBJC_ARC = YES;
				CLANG_ENABLE_OBJC_WEAK = YES;
				CLANG_WARN_BLOCK_CAPTURE_AUTORELEASING = YES;
				CLANG_WARN_BOOL_CONVERSION = YES;
				CLANG_WARN_COMMA = YES;
				CLANG_WARN_CONSTANT_CONVERSION = YES;
				CLANG_WARN_DEPRECATED_OBJC_IMPLEMENTATIONS = YES;
				CLANG_WARN_DIRECT_OBJC_ISA_USAGE = YES_ERROR;
				CLANG_WARN_DOCUMENTATION_COMMENTS = YES;
				CLANG_WARN_EMPTY_BODY = YES;
				CLANG_WARN_ENUM_CONVERSION = YES;
				CLANG_WARN_INFINITE_RECURSION = YES;
				CLANG_WARN_INT_CONVERSION = YES;
				CLANG_WARN_NON_LITERAL_NULL_CONVERSION = YES;
				CLANG_WARN_OBJC_IMPLICIT_RETAIN_SELF = YES;
				CLANG_WARN_OBJC_LITERAL_CONVERSION = YES;
				CLANG_WARN_OBJC_ROOT_CLASS = YES_ERROR;
				CLANG_WARN_QUOTED_INCLUDE_IN_FRAMEWORK_HEADER = YES;
				CLANG_WARN_RANGE_LOOP_ANALYSIS = YES;
				CLANG_WARN_STRICT_PROTOTYPES = YES;
				CLANG_WARN_SUSPICIOUS_MOVE = YES;
				CLANG_WARN_UNGUARDED_AVAILABILITY = YES_AGGRESSIVE;
				CLANG_WARN_UNREACHABLE_CODE = YES;
				CLANG_WARN__DUPLICATE_METHOD_MATCH = YES;
				COPY_PHASE_STRIP = NO;
				DEBUG_INFORMATION_FORMAT = dwarf;
				ENABLE_STRICT_OBJC_MSGSEND = YES;
				ENABLE_TESTABILITY = YES;
				ENABLE_USER_SCRIPT_SANDBOXING = YES;
				GCC_C_LANGUAGE_STANDARD = gnu17;
				GCC_DYNAMIC_NO_PIC = NO;
				GCC_NO_COMMON_BLOCKS = YES;
				GCC_OPTIMIZATION_LEVEL = 0;
				GCC_PREPROCESSOR_DEFINITIONS = (
					"DEBUG=1",
					"$(inherited)",
				);
				GCC_WARN_64_TO_32_BIT_CONVERSION = YES;
				GCC_WARN_ABOUT_RETURN_TYPE = YES_ERROR;
				GCC_WARN_UNDECLARED_SELECTOR = YES;
				GCC_WARN_UNINITIALIZED_AUTOS = YES_AGGRESSIVE;
				GCC_WARN_UNUSED_FUNCTION = YES;
				GCC_WARN_UNUSED_VARIABLE = YES;
				IPHONEOS_DEPLOYMENT_TARGET = 17.4;
				LOCALIZATION_PREFERS_STRING_CATALOGS = YES;
				MTL_ENABLE_DEBUG_INFO = INCLUDE_SOURCE;
				MTL_FAST_MATH = YES;
				ONLY_ACTIVE_ARCH = YES;
				SDKROOT = iphoneos;
				SWIFT_ACTIVE_COMPILATION_CONDITIONS = "DEBUG $(inherited)";
				SWIFT_OPTIMIZATION_LEVEL = "-Onone";
			};
			name = Debug;
		};
		6FBCCC702BBD6D8800D8D9EE /* Release */ = {
			isa = XCBuildConfiguration;
			buildSettings = {
				ALWAYS_SEARCH_USER_PATHS = NO;
				ASSETCATALOG_COMPILER_GENERATE_SWIFT_ASSET_SYMBOL_EXTENSIONS = YES;
				CLANG_ANALYZER_NONNULL = YES;
				CLANG_ANALYZER_NUMBER_OBJECT_CONVERSION = YES_AGGRESSIVE;
				CLANG_CXX_LANGUAGE_STANDARD = "gnu++20";
				CLANG_ENABLE_MODULES = YES;
				CLANG_ENABLE_OBJC_ARC = YES;
				CLANG_ENABLE_OBJC_WEAK = YES;
				CLANG_WARN_BLOCK_CAPTURE_AUTORELEASING = YES;
				CLANG_WARN_BOOL_CONVERSION = YES;
				CLANG_WARN_COMMA = YES;
				CLANG_WARN_CONSTANT_CONVERSION = YES;
				CLANG_WARN_DEPRECATED_OBJC_IMPLEMENTATIONS = YES;
				CLANG_WARN_DIRECT_OBJC_ISA_USAGE = YES_ERROR;
				CLANG_WARN_DOCUMENTATION_COMMENTS = YES;
				CLANG_WARN_EMPTY_BODY = YES;
				CLANG_WARN_ENUM_CONVERSION = YES;
				CLANG_WARN_INFINITE_RECURSION = YES;
				CLANG_WARN_INT_CONVERSION = YES;
				CLANG_WARN_NON_LITERAL_NULL_CONVERSION = YES;
				CLANG_WARN_OBJC_IMPLICIT_RETAIN_SELF = YES;
				CLANG_WARN_OBJC_LITERAL_CONVERSION = YES;
				CLANG_WARN_OBJC_ROOT_CLASS = YES_ERROR;
				CLANG_WARN_QUOTED_INCLUDE_IN_FRAMEWORK_HEADER = YES;
				CLANG_WARN_RANGE_LOOP_ANALYSIS = YES;
				CLANG_WARN_STRICT_PROTOTYPES = YES;
				CLANG_WARN_SUSPICIOUS_MOVE = YES;
				CLANG_WARN_UNGUARDED_AVAILABILITY = YES_AGGRESSIVE;
				CLANG_WARN_UNREACHABLE_CODE = YES;
				CLANG_WARN__DUPLICATE_METHOD_MATCH = YES;
				COPY_PHASE_STRIP = NO;
				DEBUG_INFORMATION_FORMAT = "dwarf-with-dsym";
				ENABLE_NS_ASSERTIONS = NO;
				ENABLE_STRICT_OBJC_MSGSEND = YES;
				ENABLE_USER_SCRIPT_SANDBOXING = YES;
				GCC_C_LANGUAGE_STANDARD = gnu17;
				GCC_NO_COMMON_BLOCKS = YES;
				GCC_WARN_64_TO_32_BIT_CONVERSION = YES;
				GCC_WARN_ABOUT_RETURN_TYPE = YES_ERROR;
				GCC_WARN_UNDECLARED_SELECTOR = YES;
				GCC_WARN_UNINITIALIZED_AUTOS = YES_AGGRESSIVE;
				GCC_WARN_UNUSED_FUNCTION = YES;
				GCC_WARN_UNUSED_VARIABLE = YES;
				IPHONEOS_DEPLOYMENT_TARGET = 17.4;
				LOCALIZATION_PREFERS_STRING_CATALOGS = YES;
				MTL_ENABLE_DEBUG_INFO = NO;
				MTL_FAST_MATH = YES;
				SDKROOT = iphoneos;
				SWIFT_COMPILATION_MODE = wholemodule;
				VALIDATE_PRODUCT = YES;
			};
			name = Release;
		};
		6FBCCC722BBD6D8800D8D9EE /* Debug */ = {
			isa = XCBuildConfiguration;
			buildSettings = {
				ASSETCATALOG_COMPILER_APPICON_NAME = AppIcon;
				ASSETCATALOG_COMPILER_GLOBAL_ACCENT_COLOR_NAME = AccentColor;
				CODE_SIGN_STYLE = Automatic;
				CURRENT_PROJECT_VERSION = 1;
				DEVELOPMENT_TEAM = FG33X32B98;
				GENERATE_INFOPLIST_FILE = YES;
				INFOPLIST_FILE = ClassWork12_BegiK/Info.plist;
				INFOPLIST_KEY_UIApplicationSupportsIndirectInputEvents = YES;
				INFOPLIST_KEY_UILaunchStoryboardName = LaunchScreen;
				INFOPLIST_KEY_UIMainStoryboardFile = Main;
				INFOPLIST_KEY_UISupportedInterfaceOrientations = UIInterfaceOrientationPortrait;
				INFOPLIST_KEY_UISupportedInterfaceOrientations_iPad = "UIInterfaceOrientationPortrait UIInterfaceOrientationPortraitUpsideDown";
				IPHONEOS_DEPLOYMENT_TARGET = 17.0;
				LD_RUNPATH_SEARCH_PATHS = (
					"$(inherited)",
					"@executable_path/Frameworks",
				);
				MARKETING_VERSION = 1.0;
				PRODUCT_BUNDLE_IDENTIFIER = "ge.academy.ClassWork12-BegiK";
				PRODUCT_NAME = "$(TARGET_NAME)";
				SWIFT_EMIT_LOC_STRINGS = YES;
				SWIFT_VERSION = 5.0;
				TARGETED_DEVICE_FAMILY = "1,2";
			};
			name = Debug;
		};
		6FBCCC732BBD6D8800D8D9EE /* Release */ = {
			isa = XCBuildConfiguration;
			buildSettings = {
				ASSETCATALOG_COMPILER_APPICON_NAME = AppIcon;
				ASSETCATALOG_COMPILER_GLOBAL_ACCENT_COLOR_NAME = AccentColor;
				CODE_SIGN_STYLE = Automatic;
				CURRENT_PROJECT_VERSION = 1;
				DEVELOPMENT_TEAM = FG33X32B98;
				GENERATE_INFOPLIST_FILE = YES;
				INFOPLIST_FILE = ClassWork12_BegiK/Info.plist;
				INFOPLIST_KEY_UIApplicationSupportsIndirectInputEvents = YES;
				INFOPLIST_KEY_UILaunchStoryboardName = LaunchScreen;
				INFOPLIST_KEY_UIMainStoryboardFile = Main;
				INFOPLIST_KEY_UISupportedInterfaceOrientations = UIInterfaceOrientationPortrait;
				INFOPLIST_KEY_UISupportedInterfaceOrientations_iPad = "UIInterfaceOrientationPortrait UIInterfaceOrientationPortraitUpsideDown";
				IPHONEOS_DEPLOYMENT_TARGET = 17.0;
				LD_RUNPATH_SEARCH_PATHS = (
					"$(inherited)",
					"@executable_path/Frameworks",
				);
				MARKETING_VERSION = 1.0;
				PRODUCT_BUNDLE_IDENTIFIER = "ge.academy.ClassWork12-BegiK";
				PRODUCT_NAME = "$(TARGET_NAME)";
				SWIFT_EMIT_LOC_STRINGS = YES;
				SWIFT_VERSION = 5.0;
				TARGETED_DEVICE_FAMILY = "1,2";
			};
			name = Release;
		};
/* End XCBuildConfiguration section */

/* Begin XCConfigurationList section */
		6FBCCC582BBD6D8600D8D9EE /* Build configuration list for PBXProject "ClassWork12_BegiK" */ = {
			isa = XCConfigurationList;
			buildConfigurations = (
				6FBCCC6F2BBD6D8800D8D9EE /* Debug */,
				6FBCCC702BBD6D8800D8D9EE /* Release */,
			);
			defaultConfigurationIsVisible = 0;
			defaultConfigurationName = Release;
		};
		6FBCCC712BBD6D8800D8D9EE /* Build configuration list for PBXNativeTarget "ClassWork12_BegiK" */ = {
			isa = XCConfigurationList;
			buildConfigurations = (
				6FBCCC722BBD6D8800D8D9EE /* Debug */,
				6FBCCC732BBD6D8800D8D9EE /* Release */,
			);
			defaultConfigurationIsVisible = 0;
			defaultConfigurationName = Release;
		};
/* End XCConfigurationList section */
	};
	rootObject = 6FBCCC552BBD6D8600D8D9EE /* Project object */;
}
